
Microsoft Visual Studio Solution File, Format Version 12.00
# Visual Studio 16
Project("{FAE04EC0-301F-11D3-BF4B-00C04F79EFBC}") = "Assembly-CSharp-firstpass", "Assembly-CSharp-firstpass.csproj", "{B2C62E4E-1A66-1DF9-2698-273B4EC803D4}"
EndProject
Project("{FAE04EC0-301F-11D3-BF4B-00C04F79EFBC}") = "Assembly-CSharp", "Assembly-CSharp.csproj", "{8100C40D-A879-1DBF-DB00-10D2ACA8DA0F}"
EndProject
Project("{FAE04EC0-301F-11D3-BF4B-00C04F79EFBC}") = "Assembly-CSharp-Editor-firstpass", "Assembly-CSharp-Editor-firstpass.csproj", "{3BCDBD9C-0101-7933-EC5A-191D4A2F7CCB}"
EndProject
Project("{FAE04EC0-301F-11D3-BF4B-00C04F79EFBC}") = "Assembly-CSharp-Editor", "Assembly-CSharp-Editor.csproj", "{C7B2F1DE-0135-0381-36C8-00C835C0EA33}"
EndProject
Global
	GlobalSection(SolutionConfigurationPlatforms) = preSolution
		Debug|Any CPU = Debug|Any CPU
		Release|Any CPU = Release|Any CPU
	EndGlobalSection
	GlobalSection(ProjectConfigurationPlatforms) = postSolution
		{B2C62E4E-1A66-1DF9-2698-273B4EC803D4}.Debug|Any CPU.ActiveCfg = Debug|Any CPU
		{B2C62E4E-1A66-1DF9-2698-273B4EC803D4}.Debug|Any CPU.Build.0 = Debug|Any CPU
		{B2C62E4E-1A66-1DF9-2698-273B4EC803D4}.Release|Any CPU.ActiveCfg = Release|Any CPU
		{B2C62E4E-1A66-1DF9-2698-273B4EC803D4}.Release|Any CPU.Build.0 = Release|Any CPU
		{8100C40D-A879-1DBF-DB00-10D2ACA8DA0F}.Debug|Any CPU.ActiveCfg = Debug|Any CPU
		{8100C40D-A879-1DBF-DB00-10D2ACA8DA0F}.Debug|Any CPU.Build.0 = Debug|Any CPU
		{8100C40D-A879-1DBF-DB00-10D2ACA8DA0F}.Release|Any CPU.ActiveCfg = Release|Any CPU
		{8100C40D-A879-1DBF-DB00-10D2ACA8DA0F}.Release|Any CPU.Build.0 = Release|Any CPU
		{3BCDBD9C-0101-7933-EC5A-191D4A2F7CCB}.Debug|Any CPU.ActiveCfg = Debug|Any CPU
		{3BCDBD9C-0101-7933-EC5A-191D4A2F7CCB}.Debug|Any CPU.Build.0 = Debug|Any CPU
		{3BCDBD9C-0101-7933-EC5A-191D4A2F7CCB}.Release|Any CPU.ActiveCfg = Release|Any CPU
		{3BCDBD9C-0101-7933-EC5A-191D4A2F7CCB}.Release|Any CPU.Build.0 = Release|Any CPU
		{C7B2F1DE-0135-0381-36C8-00C835C0EA33}.Debug|Any CPU.ActiveCfg = Debug|Any CPU
		{C7B2F1DE-0135-0381-36C8-00C835C0EA33}.Debug|Any CPU.Build.0 = Debug|Any CPU
		{C7B2F1DE-0135-0381-36C8-00C835C0EA33}.Release|Any CPU.ActiveCfg = Release|Any CPU
		{C7B2F1DE-0135-0381-36C8-00C835C0EA33}.Release|Any CPU.Build.0 = Release|Any CPU
	EndGlobalSection
	GlobalSection(SolutionProperties) = preSolution
		HideSolutionNode = FALSE
	EndGlobalSection
EndGlobal
